// !$*UTF8*$!
{
	archiveVersion = 1;
	classes = {
	};
	objectVersion = 50;
	objects = {

/* Begin PBXBuildFile section */
		AA11722B25D1480A007C25E4 /* Repository.swift in Sources */ = {isa = PBXBuildFile; fileRef = AA11722A25D1480A007C25E4 /* Repository.swift */; };
		AA2CE98E25D0078B00266C54 /* Assets.xcassets in Resources */ = {isa = PBXBuildFile; fileRef = AA2CE98C25D0078B00266C54 /* Assets.xcassets */; };
		AA2CE99825D007F400266C54 /* OAuthClient.swift in Sources */ = {isa = PBXBuildFile; fileRef = AA2CE99725D007F400266C54 /* OAuthClient.swift */; };
		AA2CE99E25D0083500266C54 /* HttpClient.swift in Sources */ = {isa = PBXBuildFile; fileRef = AA2CE99D25D0083500266C54 /* HttpClient.swift */; };
		AA2CE9A125D0084800266C54 /* HttpRequest.swift in Sources */ = {isa = PBXBuildFile; fileRef = AA2CE9A025D0084800266C54 /* HttpRequest.swift */; };
		AA2CE9A725D0087D00266C54 /* RemoteOAuthClient.swift in Sources */ = {isa = PBXBuildFile; fileRef = AA2CE9A425D0087C00266C54 /* RemoteOAuthClient.swift */; };
		AA2CE9A825D0087D00266C54 /* DeepLinkHandler.swift in Sources */ = {isa = PBXBuildFile; fileRef = AA2CE9A525D0087C00266C54 /* DeepLinkHandler.swift */; };
		AA2CE9AC25D008BC00266C54 /* AppDependeciesContainer.swift in Sources */ = {isa = PBXBuildFile; fileRef = AA2CE9AB25D008BC00266C54 /* AppDependeciesContainer.swift */; };
		AA2CE9B025D008E600266C54 /* Encodable.swift in Sources */ = {isa = PBXBuildFile; fileRef = AA2CE9AF25D008E600266C54 /* Encodable.swift */; };
		AA2CE9B525D0095F00266C54 /* LaunchScreen.storyboard in Resources */ = {isa = PBXBuildFile; fileRef = AA2CE9B425D0095F00266C54 /* LaunchScreen.storyboard */; };
		AA2CE9D425D01A6100266C54 /* LoginViewController.swift in Sources */ = {isa = PBXBuildFile; fileRef = AA2CE9D225D01A6100266C54 /* LoginViewController.swift */; };
		AA2CE9D525D01A6100266C54 /* LoginViewController.xib in Resources */ = {isa = PBXBuildFile; fileRef = AA2CE9D325D01A6100266C54 /* LoginViewController.xib */; };
		AA448FDC25CE8C91003C7EF6 /* AppDelegate.swift in Sources */ = {isa = PBXBuildFile; fileRef = AA448FDB25CE8C91003C7EF6 /* AppDelegate.swift */; };
		AA448FDE25CE8C91003C7EF6 /* SceneDelegate.swift in Sources */ = {isa = PBXBuildFile; fileRef = AA448FDD25CE8C91003C7EF6 /* SceneDelegate.swift */; };
		AA448FE625CE8C91003C7EF6 /* SearchRepo.xcdatamodeld in Sources */ = {isa = PBXBuildFile; fileRef = AA448FE425CE8C91003C7EF6 /* SearchRepo.xcdatamodeld */; };
		AAA54C7925D0403D00A22799 /* Auth.swift in Sources */ = {isa = PBXBuildFile; fileRef = AAA54C7825D0403D00A22799 /* Auth.swift */; };
		AAA54C8725D048E800A22799 /* RepositoriesViewController.swift in Sources */ = {isa = PBXBuildFile; fileRef = AAA54C8625D048E800A22799 /* RepositoriesViewController.swift */; };
		AAA54C8A25D04AA300A22799 /* RepositoryNameCell.swift in Sources */ = {isa = PBXBuildFile; fileRef = AAA54C8925D04AA300A22799 /* RepositoryNameCell.swift */; };
		AAA54C8E25D04B0E00A22799 /* Theme.swift in Sources */ = {isa = PBXBuildFile; fileRef = AAA54C8D25D04B0E00A22799 /* Theme.swift */; };
		AAA54C9125D04B5900A22799 /* TextSize.swift in Sources */ = {isa = PBXBuildFile; fileRef = AAA54C9025D04B5900A22799 /* TextSize.swift */; };
		AAA54C9425D04CC700A22799 /* RepositoriesLoader.swift in Sources */ = {isa = PBXBuildFile; fileRef = AAA54C9325D04CC700A22799 /* RepositoriesLoader.swift */; };
		AAA54C9825D050D700A22799 /* RepositroryDescriptionCell.swift in Sources */ = {isa = PBXBuildFile; fileRef = AAA54C9725D050D700A22799 /* RepositroryDescriptionCell.swift */; };
		AAA54C9C25D053F600A22799 /* Exo2-Regular.ttf in Resources */ = {isa = PBXBuildFile; fileRef = AAA54C9A25D053F500A22799 /* Exo2-Regular.ttf */; };
		AAA54CAB25D061CB00A22799 /* Search.swift in Sources */ = {isa = PBXBuildFile; fileRef = AAA54CAA25D061CB00A22799 /* Search.swift */; };
		AAA54CB125D0645800A22799 /* API.swift in Sources */ = {isa = PBXBuildFile; fileRef = AAA54CB025D0645800A22799 /* API.swift */; };
/* End PBXBuildFile section */

/* Begin PBXFileReference section */
		AA11722A25D1480A007C25E4 /* Repository.swift */ = {isa = PBXFileReference; lastKnownFileType = sourcecode.swift; path = Repository.swift; sourceTree = "<group>"; };
		AA2CE98C25D0078B00266C54 /* Assets.xcassets */ = {isa = PBXFileReference; lastKnownFileType = folder.assetcatalog; path = Assets.xcassets; sourceTree = "<group>"; };
		AA2CE99725D007F400266C54 /* OAuthClient.swift */ = {isa = PBXFileReference; lastKnownFileType = sourcecode.swift; path = OAuthClient.swift; sourceTree = "<group>"; };
		AA2CE99D25D0083500266C54 /* HttpClient.swift */ = {isa = PBXFileReference; lastKnownFileType = sourcecode.swift; path = HttpClient.swift; sourceTree = "<group>"; };
		AA2CE9A025D0084800266C54 /* HttpRequest.swift */ = {isa = PBXFileReference; lastKnownFileType = sourcecode.swift; path = HttpRequest.swift; sourceTree = "<group>"; };
		AA2CE9A425D0087C00266C54 /* RemoteOAuthClient.swift */ = {isa = PBXFileReference; fileEncoding = 4; lastKnownFileType = sourcecode.swift; path = RemoteOAuthClient.swift; sourceTree = "<group>"; };
		AA2CE9A525D0087C00266C54 /* DeepLinkHandler.swift */ = {isa = PBXFileReference; fileEncoding = 4; lastKnownFileType = sourcecode.swift; path = DeepLinkHandler.swift; sourceTree = "<group>"; };
		AA2CE9AB25D008BC00266C54 /* AppDependeciesContainer.swift */ = {isa = PBXFileReference; fileEncoding = 4; lastKnownFileType = sourcecode.swift; path = AppDependeciesContainer.swift; sourceTree = "<group>"; };
		AA2CE9AF25D008E600266C54 /* Encodable.swift */ = {isa = PBXFileReference; lastKnownFileType = sourcecode.swift; path = Encodable.swift; sourceTree = "<group>"; };
		AA2CE9B425D0095F00266C54 /* LaunchScreen.storyboard */ = {isa = PBXFileReference; fileEncoding = 4; lastKnownFileType = file.storyboard; path = LaunchScreen.storyboard; sourceTree = "<group>"; };
		AA2CE9D225D01A6100266C54 /* LoginViewController.swift */ = {isa = PBXFileReference; lastKnownFileType = sourcecode.swift; path = LoginViewController.swift; sourceTree = "<group>"; };
		AA2CE9D325D01A6100266C54 /* LoginViewController.xib */ = {isa = PBXFileReference; lastKnownFileType = file.xib; path = LoginViewController.xib; sourceTree = "<group>"; };
		AA448FD825CE8C91003C7EF6 /* SearchRepo.app */ = {isa = PBXFileReference; explicitFileType = wrapper.application; includeInIndex = 0; path = SearchRepo.app; sourceTree = BUILT_PRODUCTS_DIR; };
		AA448FDB25CE8C91003C7EF6 /* AppDelegate.swift */ = {isa = PBXFileReference; lastKnownFileType = sourcecode.swift; path = AppDelegate.swift; sourceTree = "<group>"; };
		AA448FDD25CE8C91003C7EF6 /* SceneDelegate.swift */ = {isa = PBXFileReference; lastKnownFileType = sourcecode.swift; path = SceneDelegate.swift; sourceTree = "<group>"; };
		AA448FE525CE8C91003C7EF6 /* SearchRepo.xcdatamodel */ = {isa = PBXFileReference; lastKnownFileType = wrapper.xcdatamodel; path = SearchRepo.xcdatamodel; sourceTree = "<group>"; };
		AA448FEC25CE8C93003C7EF6 /* Info.plist */ = {isa = PBXFileReference; lastKnownFileType = text.plist.xml; path = Info.plist; sourceTree = "<group>"; };
		AAA54C7825D0403D00A22799 /* Auth.swift */ = {isa = PBXFileReference; lastKnownFileType = sourcecode.swift; path = Auth.swift; sourceTree = "<group>"; };
		AAA54C8625D048E800A22799 /* RepositoriesViewController.swift */ = {isa = PBXFileReference; lastKnownFileType = sourcecode.swift; path = RepositoriesViewController.swift; sourceTree = "<group>"; };
		AAA54C8925D04AA300A22799 /* RepositoryNameCell.swift */ = {isa = PBXFileReference; lastKnownFileType = sourcecode.swift; path = RepositoryNameCell.swift; sourceTree = "<group>"; };
		AAA54C8D25D04B0E00A22799 /* Theme.swift */ = {isa = PBXFileReference; lastKnownFileType = sourcecode.swift; path = Theme.swift; sourceTree = "<group>"; };
		AAA54C9025D04B5900A22799 /* TextSize.swift */ = {isa = PBXFileReference; lastKnownFileType = sourcecode.swift; path = TextSize.swift; sourceTree = "<group>"; };
		AAA54C9325D04CC700A22799 /* RepositoriesLoader.swift */ = {isa = PBXFileReference; lastKnownFileType = sourcecode.swift; path = RepositoriesLoader.swift; sourceTree = "<group>"; };
		AAA54C9725D050D700A22799 /* RepositroryDescriptionCell.swift */ = {isa = PBXFileReference; lastKnownFileType = sourcecode.swift; path = RepositroryDescriptionCell.swift; sourceTree = "<group>"; };
		AAA54C9A25D053F500A22799 /* Exo2-Regular.ttf */ = {isa = PBXFileReference; lastKnownFileType = file; path = "Exo2-Regular.ttf"; sourceTree = "<group>"; };
		AAA54CAA25D061CB00A22799 /* Search.swift */ = {isa = PBXFileReference; lastKnownFileType = sourcecode.swift; path = Search.swift; sourceTree = "<group>"; };
		AAA54CB025D0645800A22799 /* API.swift */ = {isa = PBXFileReference; lastKnownFileType = sourcecode.swift; path = API.swift; sourceTree = "<group>"; };
/* End PBXFileReference section */

/* Begin PBXFrameworksBuildPhase section */
		AA448FD525CE8C91003C7EF6 /* Frameworks */ = {
			isa = PBXFrameworksBuildPhase;
			buildActionMask = 2147483647;
			files = (
			);
			runOnlyForDeploymentPostprocessing = 0;
		};
/* End PBXFrameworksBuildPhase section */

/* Begin PBXGroup section */
		AA11722725D1463A007C25E4 /* RepositoryList */ = {
			isa = PBXGroup;
			children = (
				AA11722825D14665007C25E4 /* Cells */,
				AAA54C8625D048E800A22799 /* RepositoriesViewController.swift */,
			);
			path = RepositoryList;
			sourceTree = "<group>";
		};
		AA11722825D14665007C25E4 /* Cells */ = {
			isa = PBXGroup;
			children = (
				AAA54C8925D04AA300A22799 /* RepositoryNameCell.swift */,
				AAA54C9725D050D700A22799 /* RepositroryDescriptionCell.swift */,
			);
			path = Cells;
			sourceTree = "<group>";
		};
		AA2CE99025D007A600266C54 /* UI */ = {
			isa = PBXGroup;
			children = (
				AAA54C7C25D043B600A22799 /* Login */,
				AA11722725D1463A007C25E4 /* RepositoryList */,
			);
			path = UI;
			sourceTree = "<group>";
		};
		AA2CE99625D007D700266C54 /* Domain */ = {
			isa = PBXGroup;
			children = (
				AA2CE99725D007F400266C54 /* OAuthClient.swift */,
			);
			path = Domain;
			sourceTree = "<group>";
		};
		AA2CE99B25D0080700266C54 /* Infrastructure */ = {
			isa = PBXGroup;
			children = (
				AA2CE99C25D0081200266C54 /* Networking */,
				AA2CE9A525D0087C00266C54 /* DeepLinkHandler.swift */,
				AA2CE9A425D0087C00266C54 /* RemoteOAuthClient.swift */,
			);
			path = Infrastructure;
			sourceTree = "<group>";
		};
		AA2CE99C25D0081200266C54 /* Networking */ = {
			isa = PBXGroup;
			children = (
				AA2CE99D25D0083500266C54 /* HttpClient.swift */,
				AA2CE9A025D0084800266C54 /* HttpRequest.swift */,
			);
			path = Networking;
			sourceTree = "<group>";
		};
		AA2CE9AA25D0089500266C54 /* Dependencies */ = {
			isa = PBXGroup;
			children = (
				AA2CE9AB25D008BC00266C54 /* AppDependeciesContainer.swift */,
			);
			path = Dependencies;
			sourceTree = "<group>";
		};
		AA2CE9AE25D008CD00266C54 /* Extensions */ = {
			isa = PBXGroup;
			children = (
				AA2CE9AF25D008E600266C54 /* Encodable.swift */,
			);
			path = Extensions;
			sourceTree = "<group>";
		};
		AA448FCF25CE8C91003C7EF6 = {
			isa = PBXGroup;
			children = (
				AA448FDA25CE8C91003C7EF6 /* SearchRepo */,
				AA448FD925CE8C91003C7EF6 /* Products */,
			);
			sourceTree = "<group>";
		};
		AA448FD925CE8C91003C7EF6 /* Products */ = {
			isa = PBXGroup;
			children = (
				AA448FD825CE8C91003C7EF6 /* SearchRepo.app */,
			);
			name = Products;
			sourceTree = "<group>";
		};
		AA448FDA25CE8C91003C7EF6 /* SearchRepo */ = {
			isa = PBXGroup;
			children = (
				AAA54CAF25D0644800A22799 /* API */,
				AAA54CA925D061B900A22799 /* Model */,
				AAA54C9F25D053FB00A22799 /* Fonts */,
				AAA54C8C25D04AF400A22799 /* Systems */,
				AAA54C7725D0402500A22799 /* Configs */,
				AA2CE9AE25D008CD00266C54 /* Extensions */,
				AA2CE9AA25D0089500266C54 /* Dependencies */,
				AA2CE99B25D0080700266C54 /* Infrastructure */,
				AA2CE99625D007D700266C54 /* Domain */,
				AA2CE99025D007A600266C54 /* UI */,
				AA2CE98C25D0078B00266C54 /* Assets.xcassets */,
				AA448FDB25CE8C91003C7EF6 /* AppDelegate.swift */,
				AA448FDD25CE8C91003C7EF6 /* SceneDelegate.swift */,
				AA448FE425CE8C91003C7EF6 /* SearchRepo.xcdatamodeld */,
				AA448FFC25CE91B7003C7EF6 /* Resources */,
			);
			path = SearchRepo;
			sourceTree = "<group>";
		};
		AA448FFC25CE91B7003C7EF6 /* Resources */ = {
			isa = PBXGroup;
			children = (
				AA2CE9B425D0095F00266C54 /* LaunchScreen.storyboard */,
				AA448FEC25CE8C93003C7EF6 /* Info.plist */,
			);
			name = Resources;
			sourceTree = "<group>";
		};
		AAA54C7725D0402500A22799 /* Configs */ = {
			isa = PBXGroup;
			children = (
				AAA54C7825D0403D00A22799 /* Auth.swift */,
			);
			path = Configs;
			sourceTree = "<group>";
		};
		AAA54C7C25D043B600A22799 /* Login */ = {
			isa = PBXGroup;
			children = (
				AA2CE9D325D01A6100266C54 /* LoginViewController.xib */,
				AA2CE9D225D01A6100266C54 /* LoginViewController.swift */,
			);
			path = Login;
			sourceTree = "<group>";
		};
		AAA54C8C25D04AF400A22799 /* Systems */ = {
			isa = PBXGroup;
			children = (
				AAA54C8D25D04B0E00A22799 /* Theme.swift */,
				AAA54C9025D04B5900A22799 /* TextSize.swift */,
				AAA54C9325D04CC700A22799 /* RepositoriesLoader.swift */,
			);
			path = Systems;
			sourceTree = "<group>";
		};
		AAA54C9F25D053FB00A22799 /* Fonts */ = {
			isa = PBXGroup;
			children = (
				AAA54C9A25D053F500A22799 /* Exo2-Regular.ttf */,
			);
			path = Fonts;
			sourceTree = "<group>";
		};
		AAA54CA925D061B900A22799 /* Model */ = {
			isa = PBXGroup;
			children = (
				AAA54CAA25D061CB00A22799 /* Search.swift */,
				AA11722A25D1480A007C25E4 /* Repository.swift */,
			);
			path = Model;
			sourceTree = "<group>";
		};
		AAA54CAF25D0644800A22799 /* API */ = {
			isa = PBXGroup;
			children = (
				AAA54CB025D0645800A22799 /* API.swift */,
			);
			path = API;
			sourceTree = "<group>";
		};
/* End PBXGroup section */

/* Begin PBXNativeTarget section */
		AA448FD725CE8C91003C7EF6 /* SearchRepo */ = {
			isa = PBXNativeTarget;
			buildConfigurationList = AA448FEF25CE8C93003C7EF6 /* Build configuration list for PBXNativeTarget "SearchRepo" */;
			buildPhases = (
				AA448FD425CE8C91003C7EF6 /* Sources */,
				AA448FD525CE8C91003C7EF6 /* Frameworks */,
				AA448FD625CE8C91003C7EF6 /* Resources */,
			);
			buildRules = (
			);
			dependencies = (
			);
			name = SearchRepo;
			productName = SearchRepo;
			productReference = AA448FD825CE8C91003C7EF6 /* SearchRepo.app */;
			productType = "com.apple.product-type.application";
		};
/* End PBXNativeTarget section */

/* Begin PBXProject section */
		AA448FD025CE8C91003C7EF6 /* Project object */ = {
			isa = PBXProject;
			attributes = {
				LastSwiftUpdateCheck = 1240;
				LastUpgradeCheck = 1240;
				TargetAttributes = {
					AA448FD725CE8C91003C7EF6 = {
						CreatedOnToolsVersion = 12.4;
					};
				};
			};
			buildConfigurationList = AA448FD325CE8C91003C7EF6 /* Build configuration list for PBXProject "SearchRepo" */;
			compatibilityVersion = "Xcode 9.3";
			developmentRegion = en;
			hasScannedForEncodings = 0;
			knownRegions = (
				en,
				Base,
			);
			mainGroup = AA448FCF25CE8C91003C7EF6;
			productRefGroup = AA448FD925CE8C91003C7EF6 /* Products */;
			projectDirPath = "";
			projectRoot = "";
			targets = (
				AA448FD725CE8C91003C7EF6 /* SearchRepo */,
			);
		};
/* End PBXProject section */

/* Begin PBXResourcesBuildPhase section */
		AA448FD625CE8C91003C7EF6 /* Resources */ = {
			isa = PBXResourcesBuildPhase;
			buildActionMask = 2147483647;
			files = (
				AA2CE98E25D0078B00266C54 /* Assets.xcassets in Resources */,
				AAA54C9C25D053F600A22799 /* Exo2-Regular.ttf in Resources */,
				AA2CE9B525D0095F00266C54 /* LaunchScreen.storyboard in Resources */,
				AA2CE9D525D01A6100266C54 /* LoginViewController.xib in Resources */,
			);
			runOnlyForDeploymentPostprocessing = 0;
		};
/* End PBXResourcesBuildPhase section */

/* Begin PBXSourcesBuildPhase section */
		AA448FD425CE8C91003C7EF6 /* Sources */ = {
			isa = PBXSourcesBuildPhase;
			buildActionMask = 2147483647;
			files = (
				AAA54CB125D0645800A22799 /* API.swift in Sources */,
				AAA54C8A25D04AA300A22799 /* RepositoryNameCell.swift in Sources */,
				AAA54C7925D0403D00A22799 /* Auth.swift in Sources */,
				AA2CE9D425D01A6100266C54 /* LoginViewController.swift in Sources */,
				AA448FDC25CE8C91003C7EF6 /* AppDelegate.swift in Sources */,
				AA11722B25D1480A007C25E4 /* Repository.swift in Sources */,
				AAA54C9125D04B5900A22799 /* TextSize.swift in Sources */,
				AA448FDE25CE8C91003C7EF6 /* SceneDelegate.swift in Sources */,
				AA448FE625CE8C91003C7EF6 /* SearchRepo.xcdatamodeld in Sources */,
				AA2CE9AC25D008BC00266C54 /* AppDependeciesContainer.swift in Sources */,
				AA2CE99E25D0083500266C54 /* HttpClient.swift in Sources */,
				AAA54C9825D050D700A22799 /* RepositroryDescriptionCell.swift in Sources */,
				AAA54C9425D04CC700A22799 /* RepositoriesLoader.swift in Sources */,
				AAA54C8E25D04B0E00A22799 /* Theme.swift in Sources */,
				AA2CE9B025D008E600266C54 /* Encodable.swift in Sources */,
				AA2CE9A125D0084800266C54 /* HttpRequest.swift in Sources */,
				AA2CE9A725D0087D00266C54 /* RemoteOAuthClient.swift in Sources */,
				AA2CE9A825D0087D00266C54 /* DeepLinkHandler.swift in Sources */,
				AAA54CAB25D061CB00A22799 /* Search.swift in Sources */,
				AAA54C8725D048E800A22799 /* RepositoriesViewController.swift in Sources */,
				AA2CE99825D007F400266C54 /* OAuthClient.swift in Sources */,
			);
			runOnlyForDeploymentPostprocessing = 0;
		};
/* End PBXSourcesBuildPhase section */

/* Begin XCBuildConfiguration section */
		AA448FED25CE8C93003C7EF6 /* Debug */ = {
			isa = XCBuildConfiguration;
			buildSettings = {
				ALWAYS_SEARCH_USER_PATHS = NO;
				CLANG_ANALYZER_NONNULL = YES;
				CLANG_ANALYZER_NUMBER_OBJECT_CONVERSION = YES_AGGRESSIVE;
				CLANG_CXX_LANGUAGE_STANDARD = "gnu++14";
				CLANG_CXX_LIBRARY = "libc++";
				CLANG_ENABLE_MODULES = YES;
				CLANG_ENABLE_OBJC_ARC = YES;
				CLANG_ENABLE_OBJC_WEAK = YES;
				CLANG_WARN_BLOCK_CAPTURE_AUTORELEASING = YES;
				CLANG_WARN_BOOL_CONVERSION = YES;
				CLANG_WARN_COMMA = YES;
				CLANG_WARN_CONSTANT_CONVERSION = YES;
				CLANG_WARN_DEPRECATED_OBJC_IMPLEMENTATIONS = YES;
				CLANG_WARN_DIRECT_OBJC_ISA_USAGE = YES_ERROR;
				CLANG_WARN_DOCUMENTATION_COMMENTS = YES;
				CLANG_WARN_EMPTY_BODY = YES;
				CLANG_WARN_ENUM_CONVERSION = YES;
				CLANG_WARN_INFINITE_RECURSION = YES;
				CLANG_WARN_INT_CONVERSION = YES;
				CLANG_WARN_NON_LITERAL_NULL_CONVERSION = YES;
				CLANG_WARN_OBJC_IMPLICIT_RETAIN_SELF = YES;
				CLANG_WARN_OBJC_LITERAL_CONVERSION = YES;
				CLANG_WARN_OBJC_ROOT_CLASS = YES_ERROR;
				CLANG_WARN_QUOTED_INCLUDE_IN_FRAMEWORK_HEADER = YES;
				CLANG_WARN_RANGE_LOOP_ANALYSIS = YES;
				CLANG_WARN_STRICT_PROTOTYPES = YES;
				CLANG_WARN_SUSPICIOUS_MOVE = YES;
				CLANG_WARN_UNGUARDED_AVAILABILITY = YES_AGGRESSIVE;
				CLANG_WARN_UNREACHABLE_CODE = YES;
				CLANG_WARN__DUPLICATE_METHOD_MATCH = YES;
				COPY_PHASE_STRIP = NO;
				DEBUG_INFORMATION_FORMAT = dwarf;
				ENABLE_STRICT_OBJC_MSGSEND = YES;
				ENABLE_TESTABILITY = YES;
				GCC_C_LANGUAGE_STANDARD = gnu11;
				GCC_DYNAMIC_NO_PIC = NO;
				GCC_NO_COMMON_BLOCKS = YES;
				GCC_OPTIMIZATION_LEVEL = 0;
				GCC_PREPROCESSOR_DEFINITIONS = (
					"DEBUG=1",
					"$(inherited)",
				);
				GCC_WARN_64_TO_32_BIT_CONVERSION = YES;
				GCC_WARN_ABOUT_RETURN_TYPE = YES_ERROR;
				GCC_WARN_UNDECLARED_SELECTOR = YES;
				GCC_WARN_UNINITIALIZED_AUTOS = YES_AGGRESSIVE;
				GCC_WARN_UNUSED_FUNCTION = YES;
				GCC_WARN_UNUSED_VARIABLE = YES;
				IPHONEOS_DEPLOYMENT_TARGET = 14.1;
				MTL_ENABLE_DEBUG_INFO = INCLUDE_SOURCE;
				MTL_FAST_MATH = YES;
				ONLY_ACTIVE_ARCH = YES;
				SDKROOT = iphoneos;
				SWIFT_ACTIVE_COMPILATION_CONDITIONS = DEBUG;
				SWIFT_OPTIMIZATION_LEVEL = "-Onone";
			};
			name = Debug;
		};
		AA448FEE25CE8C93003C7EF6 /* Release */ = {
			isa = XCBuildConfiguration;
			buildSettings = {
				ALWAYS_SEARCH_USER_PATHS = NO;
				CLANG_ANALYZER_NONNULL = YES;
				CLANG_ANALYZER_NUMBER_OBJECT_CONVERSION = YES_AGGRESSIVE;
				CLANG_CXX_LANGUAGE_STANDARD = "gnu++14";
				CLANG_CXX_LIBRARY = "libc++";
				CLANG_ENABLE_MODULES = YES;
				CLANG_ENABLE_OBJC_ARC = YES;
				CLANG_ENABLE_OBJC_WEAK = YES;
				CLANG_WARN_BLOCK_CAPTURE_AUTORELEASING = YES;
				CLANG_WARN_BOOL_CONVERSION = YES;
				CLANG_WARN_COMMA = YES;
				CLANG_WARN_CONSTANT_CONVERSION = YES;
				CLANG_WARN_DEPRECATED_OBJC_IMPLEMENTATIONS = YES;
				CLANG_WARN_DIRECT_OBJC_ISA_USAGE = YES_ERROR;
				CLANG_WARN_DOCUMENTATION_COMMENTS = YES;
				CLANG_WARN_EMPTY_BODY = YES;
				CLANG_WARN_ENUM_CONVERSION = YES;
				CLANG_WARN_INFINITE_RECURSION = YES;
				CLANG_WARN_INT_CONVERSION = YES;
				CLANG_WARN_NON_LITERAL_NULL_CONVERSION = YES;
				CLANG_WARN_OBJC_IMPLICIT_RETAIN_SELF = YES;
				CLANG_WARN_OBJC_LITERAL_CONVERSION = YES;
				CLANG_WARN_OBJC_ROOT_CLASS = YES_ERROR;
				CLANG_WARN_QUOTED_INCLUDE_IN_FRAMEWORK_HEADER = YES;
				CLANG_WARN_RANGE_LOOP_ANALYSIS = YES;
				CLANG_WARN_STRICT_PROTOTYPES = YES;
				CLANG_WARN_SUSPICIOUS_MOVE = YES;
				CLANG_WARN_UNGUARDED_AVAILABILITY = YES_AGGRESSIVE;
				CLANG_WARN_UNREACHABLE_CODE = YES;
				CLANG_WARN__DUPLICATE_METHOD_MATCH = YES;
				COPY_PHASE_STRIP = NO;
				DEBUG_INFORMATION_FORMAT = "dwarf-with-dsym";
				ENABLE_NS_ASSERTIONS = NO;
				ENABLE_STRICT_OBJC_MSGSEND = YES;
				GCC_C_LANGUAGE_STANDARD = gnu11;
				GCC_NO_COMMON_BLOCKS = YES;
				GCC_WARN_64_TO_32_BIT_CONVERSION = YES;
				GCC_WARN_ABOUT_RETURN_TYPE = YES_ERROR;
				GCC_WARN_UNDECLARED_SELECTOR = YES;
				GCC_WARN_UNINITIALIZED_AUTOS = YES_AGGRESSIVE;
				GCC_WARN_UNUSED_FUNCTION = YES;
				GCC_WARN_UNUSED_VARIABLE = YES;
				IPHONEOS_DEPLOYMENT_TARGET = 14.1;
				MTL_ENABLE_DEBUG_INFO = NO;
				MTL_FAST_MATH = YES;
				SDKROOT = iphoneos;
				SWIFT_COMPILATION_MODE = wholemodule;
				SWIFT_OPTIMIZATION_LEVEL = "-O";
				VALIDATE_PRODUCT = YES;
			};
			name = Release;
		};
		AA448FF025CE8C93003C7EF6 /* Debug */ = {
			isa = XCBuildConfiguration;
			buildSettings = {
				ASSETCATALOG_COMPILER_APPICON_NAME = AppIcon;
				ASSETCATALOG_COMPILER_GLOBAL_ACCENT_COLOR_NAME = AccentColor;
				CODE_SIGN_STYLE = Automatic;
				DEVELOPMENT_TEAM = BS5JRS3VLT;
				INFOPLIST_FILE = SearchRepo/Info.plist;
				IPHONEOS_DEPLOYMENT_TARGET = 14.1;
				LD_RUNPATH_SEARCH_PATHS = (
					"$(inherited)",
					"@executable_path/Frameworks",
				);
				PRODUCT_BUNDLE_IDENTIFIER = com.serhiinasinnyk.searchrepo;
				PRODUCT_NAME = "$(TARGET_NAME)";
				SWIFT_VERSION = 5.0;
				TARGETED_DEVICE_FAMILY = "1,2";
			};
			name = Debug;
		};
		AA448FF125CE8C93003C7EF6 /* Release */ = {
			isa = XCBuildConfiguration;
			buildSettings = {
				ASSETCATALOG_COMPILER_APPICON_NAME = AppIcon;
				ASSETCATALOG_COMPILER_GLOBAL_ACCENT_COLOR_NAME = AccentColor;
				CODE_SIGN_STYLE = Automatic;
				DEVELOPMENT_TEAM = BS5JRS3VLT;
				INFOPLIST_FILE = SearchRepo/Info.plist;
				IPHONEOS_DEPLOYMENT_TARGET = 14.1;
				LD_RUNPATH_SEARCH_PATHS = (
					"$(inherited)",
					"@executable_path/Frameworks",
				);
				PRODUCT_BUNDLE_IDENTIFIER = com.serhiinasinnyk.searchrepo;
				PRODUCT_NAME = "$(TARGET_NAME)";
				SWIFT_VERSION = 5.0;
				TARGETED_DEVICE_FAMILY = "1,2";
			};
			name = Release;
		};
/* End XCBuildConfiguration section */

/* Begin XCConfigurationList section */
		AA448FD325CE8C91003C7EF6 /* Build configuration list for PBXProject "SearchRepo" */ = {
			isa = XCConfigurationList;
			buildConfigurations = (
				AA448FED25CE8C93003C7EF6 /* Debug */,
				AA448FEE25CE8C93003C7EF6 /* Release */,
			);
			defaultConfigurationIsVisible = 0;
			defaultConfigurationName = Release;
		};
		AA448FEF25CE8C93003C7EF6 /* Build configuration list for PBXNativeTarget "SearchRepo" */ = {
			isa = XCConfigurationList;
			buildConfigurations = (
				AA448FF025CE8C93003C7EF6 /* Debug */,
				AA448FF125CE8C93003C7EF6 /* Release */,
			);
			defaultConfigurationIsVisible = 0;
			defaultConfigurationName = Release;
		};
/* End XCConfigurationList section */

/* Begin XCVersionGroup section */
		AA448FE425CE8C91003C7EF6 /* SearchRepo.xcdatamodeld */ = {
			isa = XCVersionGroup;
			children = (
				AA448FE525CE8C91003C7EF6 /* SearchRepo.xcdatamodel */,
			);
			currentVersion = AA448FE525CE8C91003C7EF6 /* SearchRepo.xcdatamodel */;
			path = SearchRepo.xcdatamodeld;
			sourceTree = "<group>";
			versionGroupType = wrapper.xcdatamodel;
		};
/* End XCVersionGroup section */
	};
	rootObject = AA448FD025CE8C91003C7EF6 /* Project object */;
}
